
Microsoft Visual Studio Solution File, Format Version 12.00
# Visual Studio Version 16
VisualStudioVersion = 16.0.31729.503
MinimumVisualStudioVersion = 10.0.40219.1
Project("{FAE04EC0-301F-11D3-BF4B-00C04F79EFBC}") = "MZKIT_Project", "Laba1\MZKIT_Project.csproj", "{409745D5-F1E5-4FAE-AE18-6A728AF77D84}"
EndProject
Global
	GlobalSection(SolutionConfigurationPlatforms) = preSolution
		Debug|Any CPU = Debug|Any CPU
		Release|Any CPU = Release|Any CPU
	EndGlobalSection
	GlobalSection(ProjectConfigurationPlatforms) = postSolution
		{409745D5-F1E5-4FAE-AE18-6A728AF77D84}.Debug|Any CPU.ActiveCfg = Debug|Any CPU
		{409745D5-F1E5-4FAE-AE18-6A728AF77D84}.Debug|Any CPU.Build.0 = Debug|Any CPU
		{409745D5-F1E5-4FAE-AE18-6A728AF77D84}.Release|Any CPU.ActiveCfg = Release|Any CPU
		{409745D5-F1E5-4FAE-AE18-6A728AF77D84}.Release|Any CPU.Build.0 = Release|Any CPU
	EndGlobalSection
	GlobalSection(SolutionProperties) = preSolution
		HideSolutionNode = FALSE
	EndGlobalSection
	GlobalSection(ExtensibilityGlobals) = postSolution
		SolutionGuid = {8B634546-5D68-4389-A727-42C769D3FBFB}
	EndGlobalSection
EndGlobal
